{
  "name": "scad-viewer",
  "version": "1.0.0",
  "lockfileVersion": 3,
  "requires": true,
  "packages": {
    "": {
      "name": "scad-viewer",
      "version": "1.0.0",
      "dependencies": {
        "openscad-wasm": "0.0.4"
      }
    },
    "node_modules/openscad-wasm": {
      "version": "0.0.4",
      "resolved": "https://registry.npmjs.org/openscad-wasm/-/openscad-wasm-0.0.4.tgz",
      "integrity": "sha512-ChYe3cgL4JBstRVrR6XnhvF/4E9EsFR1kmGks7eTIT2awSMYVkoeYmFLt80h4V4J/DPIJw106MhIiIv6V9XpLA==",
      "license": "GPL-2.0"
    }
  }
}
